
Microsoft Visual Studio Solution File, Format Version 12.00
# Visual Studio Version 16
VisualStudioVersion = 16.0.29503.13
MinimumVisualStudioVersion = 10.0.40219.1
Project("{9A19103F-16F7-4668-BE54-9A1E7A4F7556}") = "Librarian.RestFulAPI", "Librarian.RestFulApi\Librarian.RestFulAPI.csproj", "{124A324C-1113-4162-BDB7-430D8D4AEBCE}"
EndProject
Project("{2150E333-8FDC-42A3-9474-1A3956D46DE8}") = "src", "src", "{D321870D-1E33-457C-8C07-3EA4437F6956}"
EndProject
Project("{9A19103F-16F7-4668-BE54-9A1E7A4F7556}") = "Librarian.Infrastructure", "Librarian.Infrastructure\Librarian.Infrastructure.csproj", "{69221713-A471-4C3C-9729-DCD7B7A59B7D}"
EndProject
Project("{9A19103F-16F7-4668-BE54-9A1E7A4F7556}") = "Librarian.Core", "Librarian.Core\Librarian.Core.csproj", "{844ACF5B-F4F1-4445-B1DA-ED8EF66BFB0D}"
EndProject
Project("{2150E333-8FDC-42A3-9474-1A3956D46DE8}") = "tests", "tests", "{E1679BA5-6BE9-4D30-A59D-02F20D2BD113}"
EndProject
Project("{9A19103F-16F7-4668-BE54-9A1E7A4F7556}") = "Librarian.RestFulAPI.Tests", "Librarian.RestFulAPI.Tests\Librarian.RestFulAPI.Tests.csproj", "{66CBF24C-409B-4F0A-83AE-AA62E84FA118}"
EndProject
Project("{9A19103F-16F7-4668-BE54-9A1E7A4F7556}") = "Librarian.Core.Tests", "Librarian.Core.Tests\Librarian.Core.Tests.csproj", "{0A9580BE-FF9B-4FD3-8FE7-F194E0DEC38F}"
EndProject
Global
	GlobalSection(SolutionConfigurationPlatforms) = preSolution
		Debug|Any CPU = Debug|Any CPU
		Release|Any CPU = Release|Any CPU
		Test|Any CPU = Test|Any CPU
	EndGlobalSection
	GlobalSection(ProjectConfigurationPlatforms) = postSolution
		{124A324C-1113-4162-BDB7-430D8D4AEBCE}.Debug|Any CPU.ActiveCfg = Debug|Any CPU
		{124A324C-1113-4162-BDB7-430D8D4AEBCE}.Debug|Any CPU.Build.0 = Debug|Any CPU
		{124A324C-1113-4162-BDB7-430D8D4AEBCE}.Release|Any CPU.ActiveCfg = Release|Any CPU
		{124A324C-1113-4162-BDB7-430D8D4AEBCE}.Release|Any CPU.Build.0 = Release|Any CPU
		{124A324C-1113-4162-BDB7-430D8D4AEBCE}.Test|Any CPU.ActiveCfg = Test|Any CPU
		{124A324C-1113-4162-BDB7-430D8D4AEBCE}.Test|Any CPU.Build.0 = Test|Any CPU
		{69221713-A471-4C3C-9729-DCD7B7A59B7D}.Debug|Any CPU.ActiveCfg = Debug|Any CPU
		{69221713-A471-4C3C-9729-DCD7B7A59B7D}.Debug|Any CPU.Build.0 = Debug|Any CPU
		{69221713-A471-4C3C-9729-DCD7B7A59B7D}.Release|Any CPU.ActiveCfg = Release|Any CPU
		{69221713-A471-4C3C-9729-DCD7B7A59B7D}.Release|Any CPU.Build.0 = Release|Any CPU
		{69221713-A471-4C3C-9729-DCD7B7A59B7D}.Test|Any CPU.ActiveCfg = Test|Any CPU
		{69221713-A471-4C3C-9729-DCD7B7A59B7D}.Test|Any CPU.Build.0 = Test|Any CPU
		{844ACF5B-F4F1-4445-B1DA-ED8EF66BFB0D}.Debug|Any CPU.ActiveCfg = Debug|Any CPU
		{844ACF5B-F4F1-4445-B1DA-ED8EF66BFB0D}.Debug|Any CPU.Build.0 = Debug|Any CPU
		{844ACF5B-F4F1-4445-B1DA-ED8EF66BFB0D}.Release|Any CPU.ActiveCfg = Release|Any CPU
		{844ACF5B-F4F1-4445-B1DA-ED8EF66BFB0D}.Release|Any CPU.Build.0 = Release|Any CPU
		{844ACF5B-F4F1-4445-B1DA-ED8EF66BFB0D}.Test|Any CPU.ActiveCfg = Test|Any CPU
		{844ACF5B-F4F1-4445-B1DA-ED8EF66BFB0D}.Test|Any CPU.Build.0 = Test|Any CPU
		{66CBF24C-409B-4F0A-83AE-AA62E84FA118}.Debug|Any CPU.ActiveCfg = Debug|Any CPU
		{66CBF24C-409B-4F0A-83AE-AA62E84FA118}.Debug|Any CPU.Build.0 = Debug|Any CPU
		{66CBF24C-409B-4F0A-83AE-AA62E84FA118}.Release|Any CPU.ActiveCfg = Release|Any CPU
		{66CBF24C-409B-4F0A-83AE-AA62E84FA118}.Release|Any CPU.Build.0 = Release|Any CPU
		{66CBF24C-409B-4F0A-83AE-AA62E84FA118}.Test|Any CPU.ActiveCfg = Test|Any CPU
		{66CBF24C-409B-4F0A-83AE-AA62E84FA118}.Test|Any CPU.Build.0 = Test|Any CPU
		{0A9580BE-FF9B-4FD3-8FE7-F194E0DEC38F}.Debug|Any CPU.ActiveCfg = Debug|Any CPU
		{0A9580BE-FF9B-4FD3-8FE7-F194E0DEC38F}.Debug|Any CPU.Build.0 = Debug|Any CPU
		{0A9580BE-FF9B-4FD3-8FE7-F194E0DEC38F}.Release|Any CPU.ActiveCfg = Release|Any CPU
		{0A9580BE-FF9B-4FD3-8FE7-F194E0DEC38F}.Release|Any CPU.Build.0 = Release|Any CPU
		{0A9580BE-FF9B-4FD3-8FE7-F194E0DEC38F}.Test|Any CPU.ActiveCfg = Debug|Any CPU
		{0A9580BE-FF9B-4FD3-8FE7-F194E0DEC38F}.Test|Any CPU.Build.0 = Debug|Any CPU
	EndGlobalSection
	GlobalSection(SolutionProperties) = preSolution
		HideSolutionNode = FALSE
	EndGlobalSection
	GlobalSection(NestedProjects) = preSolution
		{124A324C-1113-4162-BDB7-430D8D4AEBCE} = {D321870D-1E33-457C-8C07-3EA4437F6956}
		{69221713-A471-4C3C-9729-DCD7B7A59B7D} = {D321870D-1E33-457C-8C07-3EA4437F6956}
		{844ACF5B-F4F1-4445-B1DA-ED8EF66BFB0D} = {D321870D-1E33-457C-8C07-3EA4437F6956}
		{66CBF24C-409B-4F0A-83AE-AA62E84FA118} = {E1679BA5-6BE9-4D30-A59D-02F20D2BD113}
		{0A9580BE-FF9B-4FD3-8FE7-F194E0DEC38F} = {E1679BA5-6BE9-4D30-A59D-02F20D2BD113}
	EndGlobalSection
	GlobalSection(ExtensibilityGlobals) = postSolution
		SolutionGuid = {C556A37A-5CA3-4AC9-A816-368F6AFCE91D}
	EndGlobalSection
EndGlobal
